
Microsoft Visual Studio Solution File, Format Version 12.00
# Visual Studio Version 17
VisualStudioVersion = 17.3.32901.215
MinimumVisualStudioVersion = 10.0.40219.1
Project("{9A19103F-16F7-4668-BE54-9A1E7A4F7556}") = "backendapi", "backendapi\backendapi.csproj", "{7D9406A6-FC86-4603-A272-1406C7E9E227}"
EndProject
Project("{FAE04EC0-301F-11D3-BF4B-00C04F79EFBC}") = "mabextendedFETest.Model", "mabextendedFETest.Model\mabextendedFETest.Model.csproj", "{2E126A45-58B6-4BFE-BF7E-2D0FF8DF8463}"
EndProject
Global
	GlobalSection(SolutionConfigurationPlatforms) = preSolution
		Debug|Any CPU = Debug|Any CPU
		Release|Any CPU = Release|Any CPU
	EndGlobalSection
	GlobalSection(ProjectConfigurationPlatforms) = postSolution
		{7D9406A6-FC86-4603-A272-1406C7E9E227}.Debug|Any CPU.ActiveCfg = Debug|Any CPU
		{7D9406A6-FC86-4603-A272-1406C7E9E227}.Debug|Any CPU.Build.0 = Debug|Any CPU
		{7D9406A6-FC86-4603-A272-1406C7E9E227}.Release|Any CPU.ActiveCfg = Release|Any CPU
		{7D9406A6-FC86-4603-A272-1406C7E9E227}.Release|Any CPU.Build.0 = Release|Any CPU
		{2E126A45-58B6-4BFE-BF7E-2D0FF8DF8463}.Debug|Any CPU.ActiveCfg = Debug|Any CPU
		{2E126A45-58B6-4BFE-BF7E-2D0FF8DF8463}.Debug|Any CPU.Build.0 = Debug|Any CPU
		{2E126A45-58B6-4BFE-BF7E-2D0FF8DF8463}.Release|Any CPU.ActiveCfg = Release|Any CPU
		{2E126A45-58B6-4BFE-BF7E-2D0FF8DF8463}.Release|Any CPU.Build.0 = Release|Any CPU
	EndGlobalSection
	GlobalSection(SolutionProperties) = preSolution
		HideSolutionNode = FALSE
	EndGlobalSection
	GlobalSection(ExtensibilityGlobals) = postSolution
		SolutionGuid = {35887623-0D54-47D2-A780-E6C2301209EC}
	EndGlobalSection
EndGlobal
