
Microsoft Visual Studio Solution File, Format Version 12.00
# Visual Studio Version 17
VisualStudioVersion = 17.3.32901.215
MinimumVisualStudioVersion = 10.0.40219.1
Project("{9A19103F-16F7-4668-BE54-9A1E7A4F7556}") = "mabextendedFETest.Model", "mabextendedFETest.Model\mabextendedFETest.Model.csproj", "{2E126A45-58B6-4BFE-BF7E-2D0FF8DF8463}"
EndProject
Project("{9A19103F-16F7-4668-BE54-9A1E7A4F7556}") = "mabextenedFETest.DataAccess", "mabextenedFETest.DataAccess\mabextenedFETest.DataAccess.csproj", "{13D7B044-57CD-4253-9B7B-DAEEA1F35CA8}"
EndProject
Project("{9A19103F-16F7-4668-BE54-9A1E7A4F7556}") = "mabextendedFETest.Utility", "mabextendedFETest.Utility\mabextendedFETest.Utility.csproj", "{4F86ED06-E1FA-4205-A52A-462D15F3FCCD}"
EndProject
Project("{9A19103F-16F7-4668-BE54-9A1E7A4F7556}") = "mabextendedFETest.Manager", "mabextendedFETest.Manager\mabextendedFETest.Manager.csproj", "{4814B6DB-A3B6-4564-987D-BDA823AB9F35}"
EndProject
Project("{2150E333-8FDC-42A3-9474-1A3956D46DE8}") = "Solution Items", "Solution Items", "{7203C014-5B9F-4383-B6C5-A601DF9C851E}"
	ProjectSection(SolutionItems) = preProject
		.gitignore = .gitignore
		ExpandedFrontEndTechTest-ReadMe.txt = ExpandedFrontEndTechTest-ReadMe.txt
	EndProjectSection
EndProject
Project("{9A19103F-16F7-4668-BE54-9A1E7A4F7556}") = "mabextendedFETest.API", "mabextendedFETest.API\mabextendedFETest.API.csproj", "{4B5AB10C-063C-425A-A1B1-947CB3A730A0}"
EndProject
Global
	GlobalSection(SolutionConfigurationPlatforms) = preSolution
		Debug|Any CPU = Debug|Any CPU
		Release|Any CPU = Release|Any CPU
	EndGlobalSection
	GlobalSection(ProjectConfigurationPlatforms) = postSolution
		{2E126A45-58B6-4BFE-BF7E-2D0FF8DF8463}.Debug|Any CPU.ActiveCfg = Debug|Any CPU
		{2E126A45-58B6-4BFE-BF7E-2D0FF8DF8463}.Debug|Any CPU.Build.0 = Debug|Any CPU
		{2E126A45-58B6-4BFE-BF7E-2D0FF8DF8463}.Release|Any CPU.ActiveCfg = Release|Any CPU
		{2E126A45-58B6-4BFE-BF7E-2D0FF8DF8463}.Release|Any CPU.Build.0 = Release|Any CPU
		{13D7B044-57CD-4253-9B7B-DAEEA1F35CA8}.Debug|Any CPU.ActiveCfg = Debug|Any CPU
		{13D7B044-57CD-4253-9B7B-DAEEA1F35CA8}.Debug|Any CPU.Build.0 = Debug|Any CPU
		{13D7B044-57CD-4253-9B7B-DAEEA1F35CA8}.Release|Any CPU.ActiveCfg = Release|Any CPU
		{13D7B044-57CD-4253-9B7B-DAEEA1F35CA8}.Release|Any CPU.Build.0 = Release|Any CPU
		{4F86ED06-E1FA-4205-A52A-462D15F3FCCD}.Debug|Any CPU.ActiveCfg = Debug|Any CPU
		{4F86ED06-E1FA-4205-A52A-462D15F3FCCD}.Debug|Any CPU.Build.0 = Debug|Any CPU
		{4F86ED06-E1FA-4205-A52A-462D15F3FCCD}.Release|Any CPU.ActiveCfg = Release|Any CPU
		{4F86ED06-E1FA-4205-A52A-462D15F3FCCD}.Release|Any CPU.Build.0 = Release|Any CPU
		{4814B6DB-A3B6-4564-987D-BDA823AB9F35}.Debug|Any CPU.ActiveCfg = Debug|Any CPU
		{4814B6DB-A3B6-4564-987D-BDA823AB9F35}.Debug|Any CPU.Build.0 = Debug|Any CPU
		{4814B6DB-A3B6-4564-987D-BDA823AB9F35}.Release|Any CPU.ActiveCfg = Release|Any CPU
		{4814B6DB-A3B6-4564-987D-BDA823AB9F35}.Release|Any CPU.Build.0 = Release|Any CPU
		{4B5AB10C-063C-425A-A1B1-947CB3A730A0}.Debug|Any CPU.ActiveCfg = Debug|Any CPU
		{4B5AB10C-063C-425A-A1B1-947CB3A730A0}.Debug|Any CPU.Build.0 = Debug|Any CPU
		{4B5AB10C-063C-425A-A1B1-947CB3A730A0}.Release|Any CPU.ActiveCfg = Release|Any CPU
		{4B5AB10C-063C-425A-A1B1-947CB3A730A0}.Release|Any CPU.Build.0 = Release|Any CPU
	EndGlobalSection
	GlobalSection(SolutionProperties) = preSolution
		HideSolutionNode = FALSE
	EndGlobalSection
	GlobalSection(ExtensibilityGlobals) = postSolution
		SolutionGuid = {35887623-0D54-47D2-A780-E6C2301209EC}
	EndGlobalSection
EndGlobal
